# This file is automatically @generated by Poetry 1.6.1 and should not be changed by hand.

[[package]]
name = "boolean-py"
version = "4.0"
description = "Define boolean algebras, create and parse boolean expressions and create custom boolean DSL."
optional = false
python-versions = "*"
files = [
    {file = "boolean.py-4.0-py3-none-any.whl", hash = "sha256:2876f2051d7d6394a531d82dc6eb407faa0b01a0a0b3083817ccd7323b8d96bd"},
    {file = "boolean.py-4.0.tar.gz", hash = "sha256:17b9a181630e43dde1851d42bef546d616d5d9b4480357514597e78b203d06e4"},
]

[[package]]
name = "cyclonedx-python-lib"
version = "5.1.1"
description = "Python library for CycloneDX"
optional = false
python-versions = ">=3.8,<4.0"
files = [
    {file = "cyclonedx_python_lib-5.1.1-py3-none-any.whl", hash = "sha256:2989db0cd8bb4c0c442423d71ed7a84ae059e16a2d0f932cc4bf92da7385cdb3"},
    {file = "cyclonedx_python_lib-5.1.1.tar.gz", hash = "sha256:215a636a4e77385d2cf4c6c9801c9bad4791849634f2c6daa45ab2c6cb0a85f6"},
]

[package.dependencies]
license-expression = ">=30,<31"
packageurl-python = ">=0.11"
py-serializable = ">=0.15,<0.16"
sortedcontainers = ">=2.4.0,<3.0.0"

[package.extras]
json-validation = ["jsonschema[format] (>=4.18,<5.0)"]
validation = ["jsonschema[format] (>=4.18,<5.0)", "lxml (>=4,<5)"]
xml-validation = ["lxml (>=4,<5)"]

[[package]]
name = "defusedxml"
version = "0.7.1"
description = "XML bomb protection for Python stdlib modules"
optional = false
python-versions = ">=2.7, !=3.0.*, !=3.1.*, !=3.2.*, !=3.3.*, !=3.4.*"
files = [
    {file = "defusedxml-0.7.1-py2.py3-none-any.whl", hash = "sha256:a352e7e428770286cc899e2542b6cdaedb2b4953ff269a210103ec58f6198a61"},
    {file = "defusedxml-0.7.1.tar.gz", hash = "sha256:1bb3032db185915b62d7c6209c5a8792be6a32ab2fedacc84e01b52c51aa3e69"},
]

[[package]]
name = "license-expression"
version = "30.1.1"
description = "license-expression is a comprehensive utility library to parse, compare, simplify and normalize license expressions (such as SPDX license expressions) using boolean logic."
optional = false
python-versions = ">=3.7"
files = [
    {file = "license-expression-30.1.1.tar.gz", hash = "sha256:42375df653ad85e6f5b4b0385138b2dbea1f5d66360783d8625c3e4f97f11f0c"},
    {file = "license_expression-30.1.1-py3-none-any.whl", hash = "sha256:8d7e5e2de0d04fc104a4f952c440e8f08a5ba63480a0dad015b294770b7e58ec"},
]

[package.dependencies]
"boolean.py" = ">=4.0"

[package.extras]
docs = ["Sphinx (==5.1.0)", "doc8 (>=0.8.1)", "sphinx-rtd-theme (>=0.5.0)", "sphinxcontrib-apidoc (>=0.3.0)"]
testing = ["black", "isort", "pytest (>=6,!=7.0.0)", "pytest-xdist (>=2)", "twine"]

[[package]]
name = "packageurl-python"
version = "0.11.2"
description = "A purl aka. Package URL parser and builder"
optional = false
python-versions = ">=3.7"
files = [
    {file = "packageurl-python-0.11.2.tar.gz", hash = "sha256:01fbf74a41ef85cf413f1ede529a1411f658bda66ed22d45d27280ad9ceba471"},
    {file = "packageurl_python-0.11.2-py3-none-any.whl", hash = "sha256:799acfe8d9e6e3534bbc19660be97d5b66754bc033e62c39f1e2f16323fcfa84"},
]

[package.extras]
build = ["wheel"]
lint = ["black", "isort", "mypy"]
sqlalchemy = ["sqlalchemy (>=2.0.0)"]
test = ["pytest"]

[[package]]
name = "py-serializable"
version = "0.15.0"
description = "Library for serializing and deserializing Python Objects to and from JSON and XML."
optional = false
python-versions = ">=3.7,<4.0"
files = [
    {file = "py-serializable-0.15.0.tar.gz", hash = "sha256:8fc41457d8ee5f5c5a12f41fd87bf1a4f2ecf9da39fee92059b728e78f320771"},
    {file = "py_serializable-0.15.0-py3-none-any.whl", hash = "sha256:d3f1201b33420c481aa83f7860c7bf2c2f036ba3ea82b6e15a96696457c36cd2"},
]

[package.dependencies]
defusedxml = ">=0.7.1,<0.8.0"

[[package]]
name = "sortedcontainers"
version = "2.4.0"
description = "Sorted Containers -- Sorted List, Sorted Dict, Sorted Set"
optional = false
python-versions = "*"
files = [
    {file = "sortedcontainers-2.4.0-py2.py3-none-any.whl", hash = "sha256:a163dcaede0f1c021485e957a39245190e74249897e2ae4b2aa38595db237ee0"},
    {file = "sortedcontainers-2.4.0.tar.gz", hash = "sha256:25caa5a06cc30b6b83d11423433f65d1f9d76c4c6a0c90e3379eaa43b9bfdb88"},
]

[[package]]
name = "toml"
version = "0.10.2"
description = "Python Library for Tom's Obvious, Minimal Language"
optional = false
python-versions = ">=2.6, !=3.0.*, !=3.1.*, !=3.2.*"
files = [
    {file = "toml-0.10.2-py2.py3-none-any.whl", hash = "sha256:806143ae5bfb6a3c6e736a764057db0e6a0e05e338b5630894a5f779cabb4f9b"},
    {file = "toml-0.10.2.tar.gz", hash = "sha256:b3bda1d108d5dd99f4a20d24d9c348e91c4db7ab1b749200bded2f839ccbe68f"},
]

[metadata]
lock-version = "2.0"
python-versions = "^3.8"
content-hash = "c36c67a0dc32f162a44ea02e7f0866d73086871307c79c1ce1b4ae41d3859745"
